PODS:
  - abseil/algorithm (1.20220623.0):
    - abseil/algorithm/algorithm (= 1.20220623.0)
    - abseil/algorithm/container (= 1.20220623.0)
  - abseil/algorithm/algorithm (1.20220623.0):
    - abseil/base/config
  - abseil/algorithm/container (1.20220623.0):
    - abseil/algorithm/algorithm
    - abseil/base/core_headers
    - abseil/meta/type_traits
  - abseil/base (1.20220623.0):
    - abseil/base/atomic_hook (= 1.20220623.0)
    - abseil/base/base (= 1.20220623.0)
    - abseil/base/base_internal (= 1.20220623.0)
    - abseil/base/config (= 1.20220623.0)
    - abseil/base/core_headers (= 1.20220623.0)
    - abseil/base/dynamic_annotations (= 1.20220623.0)
    - abseil/base/endian (= 1.20220623.0)
    - abseil/base/errno_saver (= 1.20220623.0)
    - abseil/base/fast_type_id (= 1.20220623.0)
    - abseil/base/log_severity (= 1.20220623.0)
    - abseil/base/malloc_internal (= 1.20220623.0)
    - abseil/base/prefetch (= 1.20220623.0)
    - abseil/base/pretty_function (= 1.20220623.0)
    - abseil/base/raw_logging_internal (= 1.20220623.0)
    - abseil/base/spinlock_wait (= 1.20220623.0)
    - abseil/base/strerror (= 1.20220623.0)
    - abseil/base/throw_delegate (= 1.20220623.0)
  - abseil/base/atomic_hook (1.20220623.0):
    - abseil/base/config
    - abseil/base/core_headers
  - abseil/base/base (1.20220623.0):
    - abseil/base/atomic_hook
    - abseil/base/base_internal
    - abseil/base/config
    - abseil/base/core_headers
    - abseil/base/dynamic_annotations
    - abseil/base/log_severity
    - abseil/base/raw_logging_internal
    - abseil/base/spinlock_wait
    - abseil/meta/type_traits
  - abseil/base/base_internal (1.20220623.0):
    - abseil/base/config
    - abseil/meta/type_traits
  - abseil/base/config (1.20220623.0)
  - abseil/base/core_headers (1.20220623.0):
    - abseil/base/config
  - abseil/base/dynamic_annotations (1.20220623.0):
    - abseil/base/config
    - abseil/base/core_headers
  - abseil/base/endian (1.20220623.0):
    - abseil/base/base
    - abseil/base/config
    - abseil/base/core_headers
  - abseil/base/errno_saver (1.20220623.0):
    - abseil/base/config
  - abseil/base/fast_type_id (1.20220623.0):
    - abseil/base/config
  - abseil/base/log_severity (1.20220623.0):
    - abseil/base/config
    - abseil/base/core_headers
  - abseil/base/malloc_internal (1.20220623.0):
    - abseil/base/base
    - abseil/base/base_internal
    - abseil/base/config
    - abseil/base/core_headers
    - abseil/base/dynamic_annotations
    - abseil/base/raw_logging_internal
  - abseil/base/prefetch (1.20220623.0):
    - abseil/base/config
  - abseil/base/pretty_function (1.20220623.0)
  - abseil/base/raw_logging_internal (1.20220623.0):
    - abseil/base/atomic_hook
    - abseil/base/config
    - abseil/base/core_headers
    - abseil/base/errno_saver
    - abseil/base/log_severity
  - abseil/base/spinlock_wait (1.20220623.0):
    - abseil/base/base_internal
    - abseil/base/core_headers
    - abseil/base/errno_saver
  - abseil/base/strerror (1.20220623.0):
    - abseil/base/config
    - abseil/base/core_headers
    - abseil/base/errno_saver
  - abseil/base/throw_delegate (1.20220623.0):
    - abseil/base/config
    - abseil/base/raw_logging_internal
  - abseil/cleanup/cleanup (1.20220623.0):
    - abseil/base/config
    - abseil/base/core_headers
    - abseil/cleanup/cleanup_internal
  - abseil/cleanup/cleanup_internal (1.20220623.0):
    - abseil/base/base_internal
    - abseil/base/core_headers
    - abseil/utility/utility
  - abseil/container/common (1.20220623.0):
    - abseil/meta/type_traits
    - abseil/types/optional
  - abseil/container/compressed_tuple (1.20220623.0):
    - abseil/utility/utility
  - abseil/container/container_memory (1.20220623.0):
    - abseil/base/config
    - abseil/memory/memory
    - abseil/meta/type_traits
    - abseil/utility/utility
  - abseil/container/fixed_array (1.20220623.0):
    - abseil/algorithm/algorithm
    - abseil/base/config
    - abseil/base/core_headers
    - abseil/base/dynamic_annotations
    - abseil/base/throw_delegate
    - abseil/container/compressed_tuple
    - abseil/memory/memory
  - abseil/container/flat_hash_map (1.20220623.0):
    - abseil/algorithm/container
    - abseil/base/core_headers
    - abseil/container/container_memory
    - abseil/container/hash_function_defaults
    - abseil/container/raw_hash_map
    - abseil/memory/memory
  - abseil/container/flat_hash_set (1.20220623.0):
    - abseil/algorithm/container
    - abseil/base/core_headers
    - abseil/container/container_memory
    - abseil/container/hash_function_defaults
    - abseil/container/raw_hash_set
    - abseil/memory/memory
  - abseil/container/hash_function_defaults (1.20220623.0):
    - abseil/base/config
    - abseil/hash/hash
    - abseil/strings/cord
    - abseil/strings/strings
  - abseil/container/hash_policy_traits (1.20220623.0):
    - abseil/meta/type_traits
  - abseil/container/hashtable_debug_hooks (1.20220623.0):
    - abseil/base/config
  - abseil/container/hashtablez_sampler (1.20220623.0):
    - abseil/base/base
    - abseil/base/config
    - abseil/base/core_headers
    - abseil/debugging/stacktrace
    - abseil/memory/memory
    - abseil/profiling/exponential_biased
    - abseil/profiling/sample_recorder
    - abseil/synchronization/synchronization
    - abseil/utility/utility
  - abseil/container/inlined_vector (1.20220623.0):
    - abseil/algorithm/algorithm
    - abseil/base/core_headers
    - abseil/base/throw_delegate
    - abseil/container/inlined_vector_internal
    - abseil/memory/memory
  - abseil/container/inlined_vector_internal (1.20220623.0):
    - abseil/base/core_headers
    - abseil/container/compressed_tuple
    - abseil/memory/memory
    - abseil/meta/type_traits
    - abseil/types/span
  - abseil/container/layout (1.20220623.0):
    - abseil/base/config
    - abseil/base/core_headers
    - abseil/meta/type_traits
    - abseil/strings/strings
    - abseil/types/span
    - abseil/utility/utility
  - abseil/container/raw_hash_map (1.20220623.0):
    - abseil/base/throw_delegate
    - abseil/container/container_memory
    - abseil/container/raw_hash_set
  - abseil/container/raw_hash_set (1.20220623.0):
    - abseil/base/config
    - abseil/base/core_headers
    - abseil/base/endian
    - abseil/base/prefetch
    - abseil/container/common
    - abseil/container/compressed_tuple
    - abseil/container/container_memory
    - abseil/container/hash_policy_traits
    - abseil/container/hashtable_debug_hooks
    - abseil/container/hashtablez_sampler
    - abseil/memory/memory
    - abseil/meta/type_traits
    - abseil/numeric/bits
    - abseil/utility/utility
  - abseil/debugging/debugging_internal (1.20220623.0):
    - abseil/base/config
    - abseil/base/core_headers
    - abseil/base/dynamic_annotations
    - abseil/base/errno_saver
    - abseil/base/raw_logging_internal
  - abseil/debugging/demangle_internal (1.20220623.0):
    - abseil/base/base
    - abseil/base/config
    - abseil/base/core_headers
  - abseil/debugging/stacktrace (1.20220623.0):
    - abseil/base/config
    - abseil/base/core_headers
    - abseil/debugging/debugging_internal
  - abseil/debugging/symbolize (1.20220623.0):
    - abseil/base/base
    - abseil/base/config
    - abseil/base/core_headers
    - abseil/base/dynamic_annotations
    - abseil/base/malloc_internal
    - abseil/base/raw_logging_internal
    - abseil/debugging/debugging_internal
    - abseil/debugging/demangle_internal
    - abseil/strings/strings
  - abseil/functional/any_invocable (1.20220623.0):
    - abseil/base/base_internal
    - abseil/base/config
    - abseil/base/core_headers
    - abseil/meta/type_traits
    - abseil/utility/utility
  - abseil/functional/bind_front (1.20220623.0):
    - abseil/base/base_internal
    - abseil/container/compressed_tuple
    - abseil/meta/type_traits
    - abseil/utility/utility
  - abseil/functional/function_ref (1.20220623.0):
    - abseil/base/base_internal
    - abseil/base/core_headers
    - abseil/meta/type_traits
  - abseil/hash/city (1.20220623.0):
    - abseil/base/config
    - abseil/base/core_headers
    - abseil/base/endian
  - abseil/hash/hash (1.20220623.0):
    - abseil/base/config
    - abseil/base/core_headers
    - abseil/base/endian
    - abseil/container/fixed_array
    - abseil/functional/function_ref
    - abseil/hash/city
    - abseil/hash/low_level_hash
    - abseil/meta/type_traits
    - abseil/numeric/int128
    - abseil/strings/strings
    - abseil/types/optional
    - abseil/types/variant
    - abseil/utility/utility
  - abseil/hash/low_level_hash (1.20220623.0):
    - abseil/base/config
    - abseil/base/endian
    - abseil/numeric/bits
    - abseil/numeric/int128
  - abseil/memory (1.20220623.0):
    - abseil/memory/memory (= 1.20220623.0)
  - abseil/memory/memory (1.20220623.0):
    - abseil/base/core_headers
    - abseil/meta/type_traits
  - abseil/meta (1.20220623.0):
    - abseil/meta/type_traits (= 1.20220623.0)
  - abseil/meta/type_traits (1.20220623.0):
    - abseil/base/config
  - abseil/numeric/bits (1.20220623.0):
    - abseil/base/config
    - abseil/base/core_headers
  - abseil/numeric/int128 (1.20220623.0):
    - abseil/base/config
    - abseil/base/core_headers
    - abseil/numeric/bits
  - abseil/numeric/representation (1.20220623.0):
    - abseil/base/config
  - abseil/profiling/exponential_biased (1.20220623.0):
    - abseil/base/config
    - abseil/base/core_headers
  - abseil/profiling/sample_recorder (1.20220623.0):
    - abseil/base/config
    - abseil/base/core_headers
    - abseil/synchronization/synchronization
    - abseil/time/time
  - abseil/random/distributions (1.20220623.0):
    - abseil/base/base_internal
    - abseil/base/config
    - abseil/base/core_headers
    - abseil/meta/type_traits
    - abseil/numeric/bits
    - abseil/random/internal/distribution_caller
    - abseil/random/internal/fast_uniform_bits
    - abseil/random/internal/fastmath
    - abseil/random/internal/generate_real
    - abseil/random/internal/iostream_state_saver
    - abseil/random/internal/traits
    - abseil/random/internal/uniform_helper
    - abseil/random/internal/wide_multiply
    - abseil/strings/strings
  - abseil/random/internal/distribution_caller (1.20220623.0):
    - abseil/base/config
    - abseil/base/fast_type_id
    - abseil/utility/utility
  - abseil/random/internal/fast_uniform_bits (1.20220623.0):
    - abseil/base/config
    - abseil/meta/type_traits
    - abseil/random/internal/traits
  - abseil/random/internal/fastmath (1.20220623.0):
    - abseil/numeric/bits
  - abseil/random/internal/generate_real (1.20220623.0):
    - abseil/meta/type_traits
    - abseil/numeric/bits
    - abseil/random/internal/fastmath
    - abseil/random/internal/traits
  - abseil/random/internal/iostream_state_saver (1.20220623.0):
    - abseil/meta/type_traits
    - abseil/numeric/int128
  - abseil/random/internal/nonsecure_base (1.20220623.0):
    - abseil/base/core_headers
    - abseil/container/inlined_vector
    - abseil/meta/type_traits
    - abseil/random/internal/pool_urbg
    - abseil/random/internal/salted_seed_seq
    - abseil/random/internal/seed_material
    - abseil/types/span
  - abseil/random/internal/pcg_engine (1.20220623.0):
    - abseil/base/config
    - abseil/meta/type_traits
    - abseil/numeric/bits
    - abseil/numeric/int128
    - abseil/random/internal/fastmath
    - abseil/random/internal/iostream_state_saver
  - abseil/random/internal/platform (1.20220623.0):
    - abseil/base/config
  - abseil/random/internal/pool_urbg (1.20220623.0):
    - abseil/base/base
    - abseil/base/config
    - abseil/base/core_headers
    - abseil/base/endian
    - abseil/base/raw_logging_internal
    - abseil/random/internal/randen
    - abseil/random/internal/seed_material
    - abseil/random/internal/traits
    - abseil/random/seed_gen_exception
    - abseil/types/span
  - abseil/random/internal/randen (1.20220623.0):
    - abseil/base/raw_logging_internal
    - abseil/random/internal/platform
    - abseil/random/internal/randen_hwaes
    - abseil/random/internal/randen_slow
  - abseil/random/internal/randen_engine (1.20220623.0):
    - abseil/base/endian
    - abseil/meta/type_traits
    - abseil/random/internal/iostream_state_saver
    - abseil/random/internal/randen
  - abseil/random/internal/randen_hwaes (1.20220623.0):
    - abseil/base/config
    - abseil/random/internal/platform
    - abseil/random/internal/randen_hwaes_impl
  - abseil/random/internal/randen_hwaes_impl (1.20220623.0):
    - abseil/base/config
    - abseil/base/core_headers
    - abseil/numeric/int128
    - abseil/random/internal/platform
  - abseil/random/internal/randen_slow (1.20220623.0):
    - abseil/base/config
    - abseil/base/core_headers
    - abseil/base/endian
    - abseil/numeric/int128
    - abseil/random/internal/platform
  - abseil/random/internal/salted_seed_seq (1.20220623.0):
    - abseil/container/inlined_vector
    - abseil/meta/type_traits
    - abseil/random/internal/seed_material
    - abseil/types/optional
    - abseil/types/span
  - abseil/random/internal/seed_material (1.20220623.0):
    - abseil/base/core_headers
    - abseil/base/dynamic_annotations
    - abseil/base/raw_logging_internal
    - abseil/random/internal/fast_uniform_bits
    - abseil/strings/strings
    - abseil/types/optional
    - abseil/types/span
  - abseil/random/internal/traits (1.20220623.0):
    - abseil/base/config
    - abseil/numeric/bits
    - abseil/numeric/int128
  - abseil/random/internal/uniform_helper (1.20220623.0):
    - abseil/base/config
    - abseil/meta/type_traits
    - abseil/numeric/int128
    - abseil/random/internal/traits
  - abseil/random/internal/wide_multiply (1.20220623.0):
    - abseil/base/config
    - abseil/numeric/bits
    - abseil/numeric/int128
    - abseil/random/internal/traits
  - abseil/random/random (1.20220623.0):
    - abseil/random/distributions
    - abseil/random/internal/nonsecure_base
    - abseil/random/internal/pcg_engine
    - abseil/random/internal/pool_urbg
    - abseil/random/internal/randen_engine
    - abseil/random/seed_sequences
  - abseil/random/seed_gen_exception (1.20220623.0):
    - abseil/base/config
  - abseil/random/seed_sequences (1.20220623.0):
    - abseil/base/config
    - abseil/random/internal/pool_urbg
    - abseil/random/internal/salted_seed_seq
    - abseil/random/internal/seed_material
    - abseil/random/seed_gen_exception
    - abseil/types/span
  - abseil/status/status (1.20220623.0):
    - abseil/base/atomic_hook
    - abseil/base/core_headers
    - abseil/base/raw_logging_internal
    - abseil/base/strerror
    - abseil/container/inlined_vector
    - abseil/debugging/stacktrace
    - abseil/debugging/symbolize
    - abseil/functional/function_ref
    - abseil/strings/cord
    - abseil/strings/str_format
    - abseil/strings/strings
    - abseil/types/optional
  - abseil/status/statusor (1.20220623.0):
    - abseil/base/base
    - abseil/base/core_headers
    - abseil/base/raw_logging_internal
    - abseil/meta/type_traits
    - abseil/status/status
    - abseil/strings/strings
    - abseil/types/variant
    - abseil/utility/utility
  - abseil/strings/cord (1.20220623.0):
    - abseil/base/base
    - abseil/base/config
    - abseil/base/core_headers
    - abseil/base/endian
    - abseil/base/raw_logging_internal
    - abseil/container/fixed_array
    - abseil/container/inlined_vector
    - abseil/functional/function_ref
    - abseil/meta/type_traits
    - abseil/numeric/bits
    - abseil/strings/cord_internal
    - abseil/strings/cordz_functions
    - abseil/strings/cordz_info
    - abseil/strings/cordz_statistics
    - abseil/strings/cordz_update_scope
    - abseil/strings/cordz_update_tracker
    - abseil/strings/internal
    - abseil/strings/str_format
    - abseil/strings/strings
    - abseil/types/optional
    - abseil/types/span
  - abseil/strings/cord_internal (1.20220623.0):
    - abseil/base/base_internal
    - abseil/base/config
    - abseil/base/core_headers
    - abseil/base/endian
    - abseil/base/raw_logging_internal
    - abseil/base/throw_delegate
    - abseil/container/compressed_tuple
    - abseil/container/inlined_vector
    - abseil/container/layout
    - abseil/functional/function_ref
    - abseil/meta/type_traits
    - abseil/strings/strings
    - abseil/types/span
  - abseil/strings/cordz_functions (1.20220623.0):
    - abseil/base/config
    - abseil/base/core_headers
    - abseil/base/raw_logging_internal
    - abseil/profiling/exponential_biased
  - abseil/strings/cordz_handle (1.20220623.0):
    - abseil/base/base
    - abseil/base/config
    - abseil/base/raw_logging_internal
    - abseil/synchronization/synchronization
  - abseil/strings/cordz_info (1.20220623.0):
    - abseil/base/base
    - abseil/base/config
    - abseil/base/core_headers
    - abseil/base/raw_logging_internal
    - abseil/container/inlined_vector
    - abseil/debugging/stacktrace
    - abseil/strings/cord_internal
    - abseil/strings/cordz_functions
    - abseil/strings/cordz_handle
    - abseil/strings/cordz_statistics
    - abseil/strings/cordz_update_tracker
    - abseil/synchronization/synchronization
    - abseil/types/span
  - abseil/strings/cordz_statistics (1.20220623.0):
    - abseil/base/config
    - abseil/strings/cordz_update_tracker
  - abseil/strings/cordz_update_scope (1.20220623.0):
    - abseil/base/config
    - abseil/base/core_headers
    - abseil/strings/cord_internal
    - abseil/strings/cordz_info
    - abseil/strings/cordz_update_tracker
  - abseil/strings/cordz_update_tracker (1.20220623.0):
    - abseil/base/config
  - abseil/strings/internal (1.20220623.0):
    - abseil/base/config
    - abseil/base/core_headers
    - abseil/base/endian
    - abseil/base/raw_logging_internal
    - abseil/meta/type_traits
  - abseil/strings/str_format (1.20220623.0):
    - abseil/strings/str_format_internal
  - abseil/strings/str_format_internal (1.20220623.0):
    - abseil/base/config
    - abseil/base/core_headers
    - abseil/functional/function_ref
    - abseil/meta/type_traits
    - abseil/numeric/bits
    - abseil/numeric/int128
    - abseil/numeric/representation
    - abseil/strings/strings
    - abseil/types/optional
    - abseil/types/span
    - abseil/utility/utility
  - abseil/strings/strings (1.20220623.0):
    - abseil/base/base
    - abseil/base/config
    - abseil/base/core_headers
    - abseil/base/endian
    - abseil/base/raw_logging_internal
    - abseil/base/throw_delegate
    - abseil/memory/memory
    - abseil/meta/type_traits
    - abseil/numeric/bits
    - abseil/numeric/int128
    - abseil/strings/internal
  - abseil/synchronization/graphcycles_internal (1.20220623.0):
    - abseil/base/base
    - abseil/base/base_internal
    - abseil/base/config
    - abseil/base/core_headers
    - abseil/base/malloc_internal
    - abseil/base/raw_logging_internal
  - abseil/synchronization/kernel_timeout_internal (1.20220623.0):
    - abseil/base/core_headers
    - abseil/base/raw_logging_internal
    - abseil/time/time
  - abseil/synchronization/synchronization (1.20220623.0):
    - abseil/base/atomic_hook
    - abseil/base/base
    - abseil/base/base_internal
    - abseil/base/config
    - abseil/base/core_headers
    - abseil/base/dynamic_annotations
    - abseil/base/malloc_internal
    - abseil/base/raw_logging_internal
    - abseil/debugging/stacktrace
    - abseil/debugging/symbolize
    - abseil/synchronization/graphcycles_internal
    - abseil/synchronization/kernel_timeout_internal
    - abseil/time/time
  - abseil/time (1.20220623.0):
    - abseil/time/internal (= 1.20220623.0)
    - abseil/time/time (= 1.20220623.0)
  - abseil/time/internal (1.20220623.0):
    - abseil/time/internal/cctz (= 1.20220623.0)
  - abseil/time/internal/cctz (1.20220623.0):
    - abseil/time/internal/cctz/civil_time (= 1.20220623.0)
    - abseil/time/internal/cctz/time_zone (= 1.20220623.0)
  - abseil/time/internal/cctz/civil_time (1.20220623.0):
    - abseil/base/config
  - abseil/time/internal/cctz/time_zone (1.20220623.0):
    - abseil/base/config
    - abseil/time/internal/cctz/civil_time
  - abseil/time/time (1.20220623.0):
    - abseil/base/base
    - abseil/base/core_headers
    - abseil/base/raw_logging_internal
    - abseil/numeric/int128
    - abseil/strings/strings
    - abseil/time/internal/cctz/civil_time
    - abseil/time/internal/cctz/time_zone
  - abseil/types (1.20220623.0):
    - abseil/types/any (= 1.20220623.0)
    - abseil/types/bad_any_cast (= 1.20220623.0)
    - abseil/types/bad_any_cast_impl (= 1.20220623.0)
    - abseil/types/bad_optional_access (= 1.20220623.0)
    - abseil/types/bad_variant_access (= 1.20220623.0)
    - abseil/types/compare (= 1.20220623.0)
    - abseil/types/optional (= 1.20220623.0)
    - abseil/types/span (= 1.20220623.0)
    - abseil/types/variant (= 1.20220623.0)
  - abseil/types/any (1.20220623.0):
    - abseil/base/config
    - abseil/base/core_headers
    - abseil/base/fast_type_id
    - abseil/meta/type_traits
    - abseil/types/bad_any_cast
    - abseil/utility/utility
  - abseil/types/bad_any_cast (1.20220623.0):
    - abseil/base/config
    - abseil/types/bad_any_cast_impl
  - abseil/types/bad_any_cast_impl (1.20220623.0):
    - abseil/base/config
    - abseil/base/raw_logging_internal
  - abseil/types/bad_optional_access (1.20220623.0):
    - abseil/base/config
    - abseil/base/raw_logging_internal
  - abseil/types/bad_variant_access (1.20220623.0):
    - abseil/base/config
    - abseil/base/raw_logging_internal
  - abseil/types/compare (1.20220623.0):
    - abseil/base/core_headers
    - abseil/meta/type_traits
  - abseil/types/optional (1.20220623.0):
    - abseil/base/base_internal
    - abseil/base/config
    - abseil/base/core_headers
    - abseil/memory/memory
    - abseil/meta/type_traits
    - abseil/types/bad_optional_access
    - abseil/utility/utility
  - abseil/types/span (1.20220623.0):
    - abseil/algorithm/algorithm
    - abseil/base/core_headers
    - abseil/base/throw_delegate
    - abseil/meta/type_traits
  - abseil/types/variant (1.20220623.0):
    - abseil/base/base_internal
    - abseil/base/config
    - abseil/base/core_headers
    - abseil/meta/type_traits
    - abseil/types/bad_variant_access
    - abseil/utility/utility
  - abseil/utility/utility (1.20220623.0):
    - abseil/base/base_internal
    - abseil/base/config
    - abseil/meta/type_traits
  - audio_waveforms (0.0.1):
    - Flutter
  - audioplayers_darwin (0.0.1):
    - Flutter
  - awesome_notifications (0.7.5-dev.3):
    - Flutter
    - IosAwnCore (= 0.7.5-dev.3)
  - BoringSSL-GRPC (0.0.24):
    - BoringSSL-GRPC/Implementation (= 0.0.24)
    - BoringSSL-GRPC/Interface (= 0.0.24)
  - BoringSSL-GRPC/Implementation (0.0.24):
    - BoringSSL-GRPC/Interface (= 0.0.24)
  - BoringSSL-GRPC/Interface (0.0.24)
  - cloud_firestore (4.8.3):
    - Firebase/Firestore (= 10.12.0)
    - firebase_core
    - Flutter
    - nanopb (< 2.30910.0, >= 2.30908.0)
  - CryptoSwift (1.7.1)
  - DKImagePickerController/Core (4.3.4):
    - DKImagePickerController/ImageDataManager
    - DKImagePickerController/Resource
  - DKImagePickerController/ImageDataManager (4.3.4)
  - DKImagePickerController/PhotoGallery (4.3.4):
    - DKImagePickerController/Core
    - DKPhotoGallery
  - DKImagePickerController/Resource (4.3.4)
  - DKPhotoGallery (0.0.17):
    - DKPhotoGallery/Core (= 0.0.17)
    - DKPhotoGallery/Model (= 0.0.17)
    - DKPhotoGallery/Preview (= 0.0.17)
    - DKPhotoGallery/Resource (= 0.0.17)
    - SDWebImage
    - SwiftyGif
  - DKPhotoGallery/Core (0.0.17):
    - DKPhotoGallery/Model
    - DKPhotoGallery/Preview
    - SDWebImage
    - SwiftyGif
  - DKPhotoGallery/Model (0.0.17):
    - SDWebImage
    - SwiftyGif
  - DKPhotoGallery/Preview (0.0.17):
    - DKPhotoGallery/Model
    - DKPhotoGallery/Resource
    - SDWebImage
    - SwiftyGif
  - DKPhotoGallery/Resource (0.0.17):
    - SDWebImage
    - SwiftyGif
  - emoji_picker_flutter (0.0.1):
    - Flutter
  - file_picker (0.0.1):
    - DKImagePickerController/PhotoGallery
    - Flutter
  - Firebase/Auth (10.12.0):
    - Firebase/CoreOnly
    - FirebaseAuth (~> 10.12.0)
  - Firebase/CoreOnly (10.12.0):
    - FirebaseCore (= 10.12.0)
  - Firebase/Firestore (10.12.0):
    - Firebase/CoreOnly
    - FirebaseFirestore (~> 10.12.0)
  - Firebase/Storage (10.12.0):
    - Firebase/CoreOnly
    - FirebaseStorage (~> 10.12.0)
  - firebase_auth (4.7.0):
    - Firebase/Auth (= 10.12.0)
    - firebase_core
    - Flutter
  - firebase_core (2.15.0):
    - Firebase/CoreOnly (= 10.12.0)
    - Flutter
  - firebase_storage (11.2.5):
    - Firebase/Storage (= 10.12.0)
    - firebase_core
    - Flutter
  - FirebaseAppCheckInterop (10.12.0)
  - FirebaseAuth (10.12.0):
    - FirebaseAppCheckInterop (~> 10.0)
    - FirebaseCore (~> 10.0)
    - GoogleUtilities/AppDelegateSwizzler (~> 7.8)
    - GoogleUtilities/Environment (~> 7.8)
    - GTMSessionFetcher/Core (< 4.0, >= 2.1)
  - FirebaseAuthInterop (10.12.0)
  - FirebaseCore (10.12.0):
    - FirebaseCoreInternal (~> 10.0)
    - GoogleUtilities/Environment (~> 7.8)
    - GoogleUtilities/Logger (~> 7.8)
  - FirebaseCoreExtension (10.12.0):
    - FirebaseCore (~> 10.0)
  - FirebaseCoreInternal (10.12.0):
    - "GoogleUtilities/NSData+zlib (~> 7.8)"
  - FirebaseFirestore (10.12.0):
    - abseil/algorithm (~> 1.20220623.0)
    - abseil/base (~> 1.20220623.0)
    - abseil/container/flat_hash_map (~> 1.20220623.0)
    - abseil/memory (~> 1.20220623.0)
    - abseil/meta (~> 1.20220623.0)
    - abseil/strings/strings (~> 1.20220623.0)
    - abseil/time (~> 1.20220623.0)
    - abseil/types (~> 1.20220623.0)
    - FirebaseCore (~> 10.0)
    - "gRPC-C++ (~> 1.50.1)"
    - leveldb-library (~> 1.22)
    - nanopb (< 2.30910.0, >= 2.30908.0)
  - FirebaseStorage (10.12.0):
    - FirebaseAppCheckInterop (~> 10.0)
    - FirebaseAuthInterop (~> 10.0)
    - FirebaseCore (~> 10.0)
    - FirebaseCoreExtension (~> 10.0)
    - GTMSessionFetcher/Core (< 4.0, >= 2.1)
  - Flutter (1.0.0)
  - flutter_callkit_incoming (0.0.1):
    - CryptoSwift
    - Flutter
  - flutter_contacts (0.0.1):
    - Flutter
  - flutter_logs (0.0.1):
    - Flutter
    - ZIPFoundation
  - flutter_sound (9.2.13):
    - Flutter
    - flutter_sound_core (= 9.2.13)
  - flutter_sound_core (9.2.13)
  - flutter_vibrate (0.0.1):
    - Flutter
  - FMDB (2.7.5):
    - FMDB/standard (= 2.7.5)
  - FMDB/standard (2.7.5)
  - GoogleUtilities/AppDelegateSwizzler (7.11.4):
    - GoogleUtilities/Environment
    - GoogleUtilities/Logger
    - GoogleUtilities/Network
  - GoogleUtilities/Environment (7.11.4):
    - PromisesObjC (< 3.0, >= 1.2)
  - GoogleUtilities/Logger (7.11.4):
    - GoogleUtilities/Environment
  - GoogleUtilities/Network (7.11.4):
    - GoogleUtilities/Logger
    - "GoogleUtilities/NSData+zlib"
    - GoogleUtilities/Reachability
  - "GoogleUtilities/NSData+zlib (7.11.4)"
  - GoogleUtilities/Reachability (7.11.4):
    - GoogleUtilities/Logger
  - "gRPC-C++ (1.50.1)":
    - "gRPC-C++/Implementation (= 1.50.1)"
    - "gRPC-C++/Interface (= 1.50.1)"
  - "gRPC-C++/Implementation (1.50.1)":
    - abseil/base/base (= 1.20220623.0)
    - abseil/base/core_headers (= 1.20220623.0)
    - abseil/cleanup/cleanup (= 1.20220623.0)
    - abseil/container/flat_hash_map (= 1.20220623.0)
    - abseil/container/flat_hash_set (= 1.20220623.0)
    - abseil/container/inlined_vector (= 1.20220623.0)
    - abseil/functional/any_invocable (= 1.20220623.0)
    - abseil/functional/bind_front (= 1.20220623.0)
    - abseil/functional/function_ref (= 1.20220623.0)
    - abseil/hash/hash (= 1.20220623.0)
    - abseil/memory/memory (= 1.20220623.0)
    - abseil/meta/type_traits (= 1.20220623.0)
    - abseil/random/random (= 1.20220623.0)
    - abseil/status/status (= 1.20220623.0)
    - abseil/status/statusor (= 1.20220623.0)
    - abseil/strings/cord (= 1.20220623.0)
    - abseil/strings/str_format (= 1.20220623.0)
    - abseil/strings/strings (= 1.20220623.0)
    - abseil/synchronization/synchronization (= 1.20220623.0)
    - abseil/time/time (= 1.20220623.0)
    - abseil/types/optional (= 1.20220623.0)
    - abseil/types/span (= 1.20220623.0)
    - abseil/types/variant (= 1.20220623.0)
    - abseil/utility/utility (= 1.20220623.0)
    - "gRPC-C++/Interface (= 1.50.1)"
    - gRPC-Core (= 1.50.1)
  - "gRPC-C++/Interface (1.50.1)"
  - gRPC-Core (1.50.1):
    - gRPC-Core/Implementation (= 1.50.1)
    - gRPC-Core/Interface (= 1.50.1)
  - gRPC-Core/Implementation (1.50.1):
    - abseil/base/base (= 1.20220623.0)
    - abseil/base/core_headers (= 1.20220623.0)
    - abseil/container/flat_hash_map (= 1.20220623.0)
    - abseil/container/flat_hash_set (= 1.20220623.0)
    - abseil/container/inlined_vector (= 1.20220623.0)
    - abseil/functional/any_invocable (= 1.20220623.0)
    - abseil/functional/bind_front (= 1.20220623.0)
    - abseil/functional/function_ref (= 1.20220623.0)
    - abseil/hash/hash (= 1.20220623.0)
    - abseil/memory/memory (= 1.20220623.0)
    - abseil/meta/type_traits (= 1.20220623.0)
    - abseil/random/random (= 1.20220623.0)
    - abseil/status/status (= 1.20220623.0)
    - abseil/status/statusor (= 1.20220623.0)
    - abseil/strings/cord (= 1.20220623.0)
    - abseil/strings/str_format (= 1.20220623.0)
    - abseil/strings/strings (= 1.20220623.0)
    - abseil/synchronization/synchronization (= 1.20220623.0)
    - abseil/time/time (= 1.20220623.0)
    - abseil/types/optional (= 1.20220623.0)
    - abseil/types/span (= 1.20220623.0)
    - abseil/types/variant (= 1.20220623.0)
    - abseil/utility/utility (= 1.20220623.0)
    - BoringSSL-GRPC (= 0.0.24)
    - gRPC-Core/Interface (= 1.50.1)
  - gRPC-Core/Interface (1.50.1)
  - GTMSessionFetcher/Core (3.1.1)
  - image_picker_ios (0.0.1):
    - Flutter
  - IosAwnCore (0.7.5-dev.3)
  - leveldb-library (1.22.2)
  - nanopb (2.30909.0):
    - nanopb/decode (= 2.30909.0)
    - nanopb/encode (= 2.30909.0)
  - nanopb/decode (2.30909.0)
  - nanopb/encode (2.30909.0)
  - native_device_orientation (0.0.1):
    - Flutter
  - path_provider_foundation (0.0.1):
    - Flutter
    - FlutterMacOS
  - permission_handler_apple (9.1.1):
    - Flutter
  - PromisesObjC (2.2.0)
  - SDWebImage (5.17.0):
    - SDWebImage/Core (= 5.17.0)
  - SDWebImage/Core (5.17.0)
  - shared_preferences_foundation (0.0.1):
    - Flutter
    - FlutterMacOS
  - sqflite (0.0.3):
    - Flutter
    - FMDB (>= 2.7.5)
  - SwiftyGif (5.4.4)
  - video_player_avfoundation (0.0.1):
    - Flutter
  - wakelock (0.0.1):
    - Flutter
  - zego_express_engine (3.6.1):
    - Flutter
  - zego_uikit_signaling_plugin (0.0.1):
    - Flutter
  - zego_zim (2.7.1):
    - Flutter
    - ZIM (= 2.7.1)
  - zego_zpns (2.4.0):
    - Flutter
    - ZPNs (= 2.4.0)
  - ZIM (2.7.1)
  - ZIPFoundation (0.9.11)
  - ZPNs (2.4.0)

DEPENDENCIES:
  - audio_waveforms (from `.symlinks/plugins/audio_waveforms/ios`)
  - audioplayers_darwin (from `.symlinks/plugins/audioplayers_darwin/ios`)
  - awesome_notifications (from `.symlinks/plugins/awesome_notifications/ios`)
  - cloud_firestore (from `.symlinks/plugins/cloud_firestore/ios`)
  - emoji_picker_flutter (from `.symlinks/plugins/emoji_picker_flutter/ios`)
  - file_picker (from `.symlinks/plugins/file_picker/ios`)
  - firebase_auth (from `.symlinks/plugins/firebase_auth/ios`)
  - firebase_core (from `.symlinks/plugins/firebase_core/ios`)
  - firebase_storage (from `.symlinks/plugins/firebase_storage/ios`)
  - Flutter (from `Flutter`)
  - flutter_callkit_incoming (from `.symlinks/plugins/flutter_callkit_incoming/ios`)
  - flutter_contacts (from `.symlinks/plugins/flutter_contacts/ios`)
  - flutter_logs (from `.symlinks/plugins/flutter_logs/ios`)
  - flutter_sound (from `.symlinks/plugins/flutter_sound/ios`)
  - flutter_vibrate (from `.symlinks/plugins/flutter_vibrate/ios`)
  - image_picker_ios (from `.symlinks/plugins/image_picker_ios/ios`)
  - native_device_orientation (from `.symlinks/plugins/native_device_orientation/ios`)
  - path_provider_foundation (from `.symlinks/plugins/path_provider_foundation/darwin`)
  - permission_handler_apple (from `.symlinks/plugins/permission_handler_apple/ios`)
  - shared_preferences_foundation (from `.symlinks/plugins/shared_preferences_foundation/darwin`)
  - sqflite (from `.symlinks/plugins/sqflite/ios`)
  - video_player_avfoundation (from `.symlinks/plugins/video_player_avfoundation/ios`)
  - wakelock (from `.symlinks/plugins/wakelock/ios`)
  - zego_express_engine (from `.symlinks/plugins/zego_express_engine/ios`)
  - zego_uikit_signaling_plugin (from `.symlinks/plugins/zego_uikit_signaling_plugin/ios`)
  - zego_zim (from `.symlinks/plugins/zego_zim/ios`)
  - zego_zpns (from `.symlinks/plugins/zego_zpns/ios`)

SPEC REPOS:
  trunk:
    - abseil
    - BoringSSL-GRPC
    - CryptoSwift
    - DKImagePickerController
    - DKPhotoGallery
    - Firebase
    - FirebaseAppCheckInterop
    - FirebaseAuth
    - FirebaseAuthInterop
    - FirebaseCore
    - FirebaseCoreExtension
    - FirebaseCoreInternal
    - FirebaseFirestore
    - FirebaseStorage
    - flutter_sound_core
    - FMDB
    - GoogleUtilities
    - "gRPC-C++"
    - gRPC-Core
    - GTMSessionFetcher
    - IosAwnCore
    - leveldb-library
    - nanopb
    - PromisesObjC
    - SDWebImage
    - SwiftyGif
    - ZIM
    - ZIPFoundation
    - ZPNs

EXTERNAL SOURCES:
  audio_waveforms:
    :path: ".symlinks/plugins/audio_waveforms/ios"
  audioplayers_darwin:
    :path: ".symlinks/plugins/audioplayers_darwin/ios"
  awesome_notifications:
    :path: ".symlinks/plugins/awesome_notifications/ios"
  cloud_firestore:
    :path: ".symlinks/plugins/cloud_firestore/ios"
  emoji_picker_flutter:
    :path: ".symlinks/plugins/emoji_picker_flutter/ios"
  file_picker:
    :path: ".symlinks/plugins/file_picker/ios"
  firebase_auth:
    :path: ".symlinks/plugins/firebase_auth/ios"
  firebase_core:
    :path: ".symlinks/plugins/firebase_core/ios"
  firebase_storage:
    :path: ".symlinks/plugins/firebase_storage/ios"
  Flutter:
    :path: Flutter
  flutter_callkit_incoming:
    :path: ".symlinks/plugins/flutter_callkit_incoming/ios"
  flutter_contacts:
    :path: ".symlinks/plugins/flutter_contacts/ios"
  flutter_logs:
    :path: ".symlinks/plugins/flutter_logs/ios"
  flutter_sound:
    :path: ".symlinks/plugins/flutter_sound/ios"
  flutter_vibrate:
    :path: ".symlinks/plugins/flutter_vibrate/ios"
  image_picker_ios:
    :path: ".symlinks/plugins/image_picker_ios/ios"
  native_device_orientation:
    :path: ".symlinks/plugins/native_device_orientation/ios"
  path_provider_foundation:
    :path: ".symlinks/plugins/path_provider_foundation/darwin"
  permission_handler_apple:
    :path: ".symlinks/plugins/permission_handler_apple/ios"
  shared_preferences_foundation:
    :path: ".symlinks/plugins/shared_preferences_foundation/darwin"
  sqflite:
    :path: ".symlinks/plugins/sqflite/ios"
  video_player_avfoundation:
    :path: ".symlinks/plugins/video_player_avfoundation/ios"
  wakelock:
    :path: ".symlinks/plugins/wakelock/ios"
  zego_express_engine:
    :path: ".symlinks/plugins/zego_express_engine/ios"
  zego_uikit_signaling_plugin:
    :path: ".symlinks/plugins/zego_uikit_signaling_plugin/ios"
  zego_zim:
    :path: ".symlinks/plugins/zego_zim/ios"
  zego_zpns:
    :path: ".symlinks/plugins/zego_zpns/ios"

SPEC CHECKSUMS:
  abseil: 926fb7a82dc6d2b8e1f2ed7f3a718bce691d1e46
  audio_waveforms: cd736909ebc6b6a164eb74701d8c705ce3241e1c
  audioplayers_darwin: 877d9a4d06331c5c374595e46e16453ac7eafa40
  awesome_notifications: 1b6393d6ce02878dc50d0ae87baf7bdbc9d802a2
  BoringSSL-GRPC: 3175b25143e648463a56daeaaa499c6cb86dad33
  cloud_firestore: ac09bcf42ed1f477cb6eeb1d5937255023862e29
  CryptoSwift: d3d18dc357932f7e6d580689e065cf1f176007c1
  DKImagePickerController: b512c28220a2b8ac7419f21c491fc8534b7601ac
  DKPhotoGallery: fdfad5125a9fdda9cc57df834d49df790dbb4179
  emoji_picker_flutter: df19dac03a2b39ac667dc8d1da939ef3a9e21347
  file_picker: ce3938a0df3cc1ef404671531facef740d03f920
  Firebase: 07150e75d142fb9399f6777fa56a187b17f833a0
  firebase_auth: fdfcf37a6f37b776d56a6b7771df84d0bafdc650
  firebase_core: e477125798fc37cd4ab43ca6a8536bf7e0929c00
  firebase_storage: d5c1b95383db1230d9fed88c76cb257d8d1ec1d6
  FirebaseAppCheckInterop: f95a4feb9089867aff1a4bdc2ce309137e07736a
  FirebaseAuth: a66c1e14ec58f41d154a4b41ce1a23ea00ad4805
  FirebaseAuthInterop: 047153f3c2928822032190aa5194e332670a0d66
  FirebaseCore: f86a1394906b97ac445ae49c92552a9425831bed
  FirebaseCoreExtension: 0ce5ac36042001cfa233ce7bfa28e5c313cf80f4
  FirebaseCoreInternal: 950500ad8a08963657f6d8c67b579740c06d6aa1
  FirebaseFirestore: f94c9541515fa4a49af52269bbc50349009424b4
  FirebaseStorage: 1d7ca8c8953fc61ccacaa7c612696b5402968a0d
  Flutter: f04841e97a9d0b0a8025694d0796dd46242b2854
  flutter_callkit_incoming: 417dd1b46541cdd5d855ad795ccbe97d1c18155e
  flutter_contacts: edb1c5ce76aa433e20e6cb14c615f4c0b66e0983
  flutter_logs: 5d0dca26963e0f30b11a995a764744ef77d5d428
  flutter_sound: c60effa2a350fb977885f0db2fbc4c1ad5160900
  flutter_sound_core: 26c10e5832e76aaacfae252d8925232281c486ae
  flutter_vibrate: 9f4c2ab57008965f78969472367c329dd77eb801
  FMDB: 2ce00b547f966261cd18927a3ddb07cb6f3db82a
  GoogleUtilities: c63691989bf362ba0505507da00eeb326192e83e
  "gRPC-C++": 0968bace703459fd3e5dcb0b2bed4c573dbff046
  gRPC-Core: 17108291d84332196d3c8466b48f016fc17d816d
  GTMSessionFetcher: e8647203b65cee28c5f73d0f473d096653945e72
  image_picker_ios: 4a8aadfbb6dc30ad5141a2ce3832af9214a705b5
  IosAwnCore: edf31913fd18960ebcde7c05912dc860ca2b63b2
  leveldb-library: f03246171cce0484482ec291f88b6d563699ee06
  nanopb: b552cce312b6c8484180ef47159bc0f65a1f0431
  native_device_orientation: 3b4cfc9565a7b879cc4fde282b3e27745e852d0d
  path_provider_foundation: 29f094ae23ebbca9d3d0cec13889cd9060c0e943
  permission_handler_apple: e76247795d700c14ea09e3a2d8855d41ee80a2e6
  PromisesObjC: 09985d6d70fbe7878040aa746d78236e6946d2ef
  SDWebImage: 750adf017a315a280c60fde706ab1e552a3ae4e9
  shared_preferences_foundation: 5b919d13b803cadd15ed2dc053125c68730e5126
  sqflite: 31f7eba61e3074736dff8807a9b41581e4f7f15a
  SwiftyGif: 93a1cc87bf3a51916001cf8f3d63835fb64c819f
  video_player_avfoundation: 81e49bb3d9fb63dccf9fa0f6d877dc3ddbeac126
  wakelock: d0fc7c864128eac40eba1617cb5264d9c940b46f
  zego_express_engine: 61ba3b4a6d5dbe80f2b5e473b1a2db5a6c31da00
  zego_uikit_signaling_plugin: 7fdfcd9f796b591c9cb8770609f4fa85178aa40e
  zego_zim: 4e72278879017951f270f5cbbefd7343ea44ec8c
  zego_zpns: 45f07ef9b5b3e34bd61544290f8f49c1ae007db2
  ZIM: 70617c39c931038adc87bbe1f4aee3c80bbc997d
  ZIPFoundation: b1f0de4eed33e74a676f76e12559ab6b75990197
  ZPNs: 2ef89a571260ca9ffe4fc3394413ff19b8e372be

PODFILE CHECKSUM: 6b9eb94e9f98a329f2ef624b852a6e42d090af2b

COCOAPODS: 1.12.1
